
Microsoft Visual Studio Solution File, Format Version 12.00
# Visual Studio Version 17
VisualStudioVersion = 17.8.34316.72
MinimumVisualStudioVersion = 10.0.40219.1
Project("{FAE04EC0-301F-11D3-BF4B-00C04F79EFBC}") = "NetDelegatsApp", "NetDelegatsApp\NetDelegatsApp.csproj", "{C9FFF356-C0A8-42D3-BA52-53A0BEFC4B2E}"
EndProject
Global
	GlobalSection(SolutionConfigurationPlatforms) = preSolution
		Debug|Any CPU = Debug|Any CPU
		Release|Any CPU = Release|Any CPU
	EndGlobalSection
	GlobalSection(ProjectConfigurationPlatforms) = postSolution
		{C9FFF356-C0A8-42D3-BA52-53A0BEFC4B2E}.Debug|Any CPU.ActiveCfg = Debug|Any CPU
		{C9FFF356-C0A8-42D3-BA52-53A0BEFC4B2E}.Debug|Any CPU.Build.0 = Debug|Any CPU
		{C9FFF356-C0A8-42D3-BA52-53A0BEFC4B2E}.Release|Any CPU.ActiveCfg = Release|Any CPU
		{C9FFF356-C0A8-42D3-BA52-53A0BEFC4B2E}.Release|Any CPU.Build.0 = Release|Any CPU
	EndGlobalSection
	GlobalSection(SolutionProperties) = preSolution
		HideSolutionNode = FALSE
	EndGlobalSection
	GlobalSection(ExtensibilityGlobals) = postSolution
		SolutionGuid = {DDA8D6EF-3D60-4375-ABAF-4BF80C7EDDA4}
	EndGlobalSection
EndGlobal
